
Microsoft Visual Studio Solution File, Format Version 12.00
# Visual Studio 14
VisualStudioVersion = 14.0.25420.1
MinimumVisualStudioVersion = 10.0.40219.1
Project("{FAE04EC0-301F-11D3-BF4B-00C04F79EFBC}") = "Manager_proj_4", "Manager_proj_4\Manager_proj_4.csproj", "{A21850D2-1CC4-4438-9C90-F2907A98AB11}"
EndProject
Project("{2150E333-8FDC-42A3-9474-1A3956D46DE8}") = "Tests", "Tests", "{9DABD69E-010C-419B-B91D-39287D6656CC}"
EndProject
Project("{FAE04EC0-301F-11D3-BF4B-00C04F79EFBC}") = "Test_Sqlite", "Tests\Test_Sqlite\Test_Sqlite.csproj", "{5CF1B06D-0C81-4F99-8747-06A5BFD59EA0}"
EndProject
Project("{FAE04EC0-301F-11D3-BF4B-00C04F79EFBC}") = "DataVirtualization", "Tests\DataVirtualization\DataVirtualization.csproj", "{FE37F2AF-95C2-4EB7-A0F7-E47FE04C1F89}"
EndProject
Project("{2150E333-8FDC-42A3-9474-1A3956D46DE8}") = "Temps", "Temps", "{F1D86775-AAAE-40E7-91B7-A71C3E93FA7E}"
EndProject
Project("{FAE04EC0-301F-11D3-BF4B-00C04F79EFBC}") = "Manager_proj_4_net4", "Manager_proj_4_net4\Manager_proj_4_net4.csproj", "{190AF002-429A-4F0E-914E-FF95FC57847C}"
EndProject
Project("{54435603-DBB4-11D2-8724-00A0C9A8B90C}") = "Setup1", "Setup1\Setup1.vdproj", "{DE3A8B07-4FA1-47D3-90FF-FB6AF0EC416D}"
EndProject
Project("{FAE04EC0-301F-11D3-BF4B-00C04F79EFBC}") = "WpfApplication1", "WpfApplication1\WpfApplication1.csproj", "{15166576-82FB-478A-B612-A7A96CA91A2D}"
EndProject
Project("{FAE04EC0-301F-11D3-BF4B-00C04F79EFBC}") = "Test_Parent", "Tests\Test_Parent\Test_Parent.csproj", "{6EA6BBE5-C023-43FF-A79F-2ECA44ACB0A6}"
EndProject
Project("{FAE04EC0-301F-11D3-BF4B-00C04F79EFBC}") = "Test_DateTime", "Test_DataTime\Test_DateTime.csproj", "{42FB2C72-BE76-4ACC-A3A3-B4641DEDF85C}"
EndProject
Project("{FAE04EC0-301F-11D3-BF4B-00C04F79EFBC}") = "CofileUI", "CofileUI\CofileUI.csproj", "{D8682379-697C-4A25-A387-A03DEBE6B2E1}"
EndProject
Project("{FAE04EC0-301F-11D3-BF4B-00C04F79EFBC}") = "StackTrace", "StackTrace\StackTrace.csproj", "{36237E7E-ACA8-4611-B00E-D47011152817}"
EndProject
Project("{FAE04EC0-301F-11D3-BF4B-00C04F79EFBC}") = "ExcelTest", "ExcelTest\ExcelTest.csproj", "{EDEB7F1C-9594-4F3C-A0CF-BF52EA91FF1F}"
EndProject
Project("{FAE04EC0-301F-11D3-BF4B-00C04F79EFBC}") = "WpfThread", "WpfThread\WpfThread.csproj", "{959CD179-95B6-48FB-B285-9D53FEB4D469}"
EndProject
Project("{8BC9CEB8-8B4A-11D0-8D11-00A0C91BC942}") = "Test_cpp", "Test_cpp\Test_cpp.vcxproj", "{37C4D0F7-87B3-4E90-B0E3-03428CA47B6D}"
EndProject
Project("{FAE04EC0-301F-11D3-BF4B-00C04F79EFBC}") = "parsing", "parsing\parsing.csproj", "{D4861AAE-FE22-4CC0-950E-4D58EA5878D7}"
EndProject
Project("{FAE04EC0-301F-11D3-BF4B-00C04F79EFBC}") = "testParse", "testParse\testParse.csproj", "{DE2E4C89-994C-4DF5-8100-189A978B0F60}"
EndProject
Project("{FAE04EC0-301F-11D3-BF4B-00C04F79EFBC}") = "testParse2", "testParse2\testParse2.csproj", "{9BDBD0ED-503A-4AC1-ACA2-45EDCB147E04}"
EndProject
Project("{FAE04EC0-301F-11D3-BF4B-00C04F79EFBC}") = "ConsoleApplication1", "ConsoleApplication1\ConsoleApplication1.csproj", "{C18EE55B-A14D-491C-B288-55E1B76FDF0A}"
EndProject
Project("{FAE04EC0-301F-11D3-BF4B-00C04F79EFBC}") = "AutoExchange", "AutoExchange\AutoExchange.csproj", "{73E62CF9-D2A5-4D0A-ACF0-B1C26C1573F2}"
EndProject
Project("{FAE04EC0-301F-11D3-BF4B-00C04F79EFBC}") = "RemoveDupLine", "RemoveDupLine\RemoveDupLine.csproj", "{302FA40A-EC77-4E12-BCD6-44FAA37B5221}"
EndProject
Project("{FAE04EC0-301F-11D3-BF4B-00C04F79EFBC}") = "ParsingCode", "ParsingCode\ParsingCode.csproj", "{2DAE9899-BAC3-4680-93AA-B3E99D0B7783}"
EndProject
Project("{FAE04EC0-301F-11D3-BF4B-00C04F79EFBC}") = "ChangeCarriageReturn", "ChangeCarriageReturn\ChangeCarriageReturn.csproj", "{8B3D452C-4813-4A9E-B572-3138A0BDB2CF}"
EndProject
Project("{8BC9CEB8-8B4A-11D0-8D11-00A0C91BC942}") = "ConsoleApplication2", "ConsoleApplication2\ConsoleApplication2.vcxproj", "{5D7219AF-1C54-43B5-8FDF-28176A3E01B4}"
EndProject
Project("{F184B08F-C81C-45F6-A57F-5ABD9991F28F}") = "ConsoleApplication3", "ConsoleApplication3\ConsoleApplication3.vbproj", "{C9F28A7C-B389-4548-A8C4-F076E4D5F187}"
EndProject
Project("{FAE04EC0-301F-11D3-BF4B-00C04F79EFBC}") = "ConsoleApplication4", "ConsoleApplication4\ConsoleApplication4.csproj", "{B7245470-4380-4FDA-9187-3C403E676BB3}"
EndProject
Global
	GlobalSection(SolutionConfigurationPlatforms) = preSolution
		Debug|Any CPU = Debug|Any CPU
		Debug|x64 = Debug|x64
		Debug|x86 = Debug|x86
		Release|Any CPU = Release|Any CPU
		Release|x64 = Release|x64
		Release|x86 = Release|x86
	EndGlobalSection
	GlobalSection(ProjectConfigurationPlatforms) = postSolution
		{A21850D2-1CC4-4438-9C90-F2907A98AB11}.Debug|Any CPU.ActiveCfg = Debug|Any CPU
		{A21850D2-1CC4-4438-9C90-F2907A98AB11}.Debug|Any CPU.Build.0 = Debug|Any CPU
		{A21850D2-1CC4-4438-9C90-F2907A98AB11}.Debug|x64.ActiveCfg = Debug|Any CPU
		{A21850D2-1CC4-4438-9C90-F2907A98AB11}.Debug|x86.ActiveCfg = Debug|Any CPU
		{A21850D2-1CC4-4438-9C90-F2907A98AB11}.Debug|x86.Build.0 = Debug|Any CPU
		{A21850D2-1CC4-4438-9C90-F2907A98AB11}.Release|Any CPU.ActiveCfg = Release|Any CPU
		{A21850D2-1CC4-4438-9C90-F2907A98AB11}.Release|Any CPU.Build.0 = Release|Any CPU
		{A21850D2-1CC4-4438-9C90-F2907A98AB11}.Release|x64.ActiveCfg = Release|Any CPU
		{A21850D2-1CC4-4438-9C90-F2907A98AB11}.Release|x86.ActiveCfg = Release|Any CPU
		{A21850D2-1CC4-4438-9C90-F2907A98AB11}.Release|x86.Build.0 = Release|Any CPU
		{5CF1B06D-0C81-4F99-8747-06A5BFD59EA0}.Debug|Any CPU.ActiveCfg = Debug|Any CPU
		{5CF1B06D-0C81-4F99-8747-06A5BFD59EA0}.Debug|Any CPU.Build.0 = Debug|Any CPU
		{5CF1B06D-0C81-4F99-8747-06A5BFD59EA0}.Debug|x64.ActiveCfg = Debug|Any CPU
		{5CF1B06D-0C81-4F99-8747-06A5BFD59EA0}.Debug|x64.Build.0 = Debug|Any CPU
		{5CF1B06D-0C81-4F99-8747-06A5BFD59EA0}.Debug|x86.ActiveCfg = Debug|Any CPU
		{5CF1B06D-0C81-4F99-8747-06A5BFD59EA0}.Debug|x86.Build.0 = Debug|Any CPU
		{5CF1B06D-0C81-4F99-8747-06A5BFD59EA0}.Release|Any CPU.ActiveCfg = Release|Any CPU
		{5CF1B06D-0C81-4F99-8747-06A5BFD59EA0}.Release|Any CPU.Build.0 = Release|Any CPU
		{5CF1B06D-0C81-4F99-8747-06A5BFD59EA0}.Release|x64.ActiveCfg = Release|Any CPU
		{5CF1B06D-0C81-4F99-8747-06A5BFD59EA0}.Release|x64.Build.0 = Release|Any CPU
		{5CF1B06D-0C81-4F99-8747-06A5BFD59EA0}.Release|x86.ActiveCfg = Release|Any CPU
		{5CF1B06D-0C81-4F99-8747-06A5BFD59EA0}.Release|x86.Build.0 = Release|Any CPU
		{FE37F2AF-95C2-4EB7-A0F7-E47FE04C1F89}.Debug|Any CPU.ActiveCfg = Debug|Any CPU
		{FE37F2AF-95C2-4EB7-A0F7-E47FE04C1F89}.Debug|Any CPU.Build.0 = Debug|Any CPU
		{FE37F2AF-95C2-4EB7-A0F7-E47FE04C1F89}.Debug|x64.ActiveCfg = Debug|Any CPU
		{FE37F2AF-95C2-4EB7-A0F7-E47FE04C1F89}.Debug|x64.Build.0 = Debug|Any CPU
		{FE37F2AF-95C2-4EB7-A0F7-E47FE04C1F89}.Debug|x86.ActiveCfg = Debug|Any CPU
		{FE37F2AF-95C2-4EB7-A0F7-E47FE04C1F89}.Debug|x86.Build.0 = Debug|Any CPU
		{FE37F2AF-95C2-4EB7-A0F7-E47FE04C1F89}.Release|Any CPU.ActiveCfg = Release|Any CPU
		{FE37F2AF-95C2-4EB7-A0F7-E47FE04C1F89}.Release|Any CPU.Build.0 = Release|Any CPU
		{FE37F2AF-95C2-4EB7-A0F7-E47FE04C1F89}.Release|x64.ActiveCfg = Release|Any CPU
		{FE37F2AF-95C2-4EB7-A0F7-E47FE04C1F89}.Release|x64.Build.0 = Release|Any CPU
		{FE37F2AF-95C2-4EB7-A0F7-E47FE04C1F89}.Release|x86.ActiveCfg = Release|Any CPU
		{FE37F2AF-95C2-4EB7-A0F7-E47FE04C1F89}.Release|x86.Build.0 = Release|Any CPU
		{190AF002-429A-4F0E-914E-FF95FC57847C}.Debug|Any CPU.ActiveCfg = Debug|Any CPU
		{190AF002-429A-4F0E-914E-FF95FC57847C}.Debug|Any CPU.Build.0 = Debug|Any CPU
		{190AF002-429A-4F0E-914E-FF95FC57847C}.Debug|x64.ActiveCfg = Debug|Any CPU
		{190AF002-429A-4F0E-914E-FF95FC57847C}.Debug|x86.ActiveCfg = Debug|Any CPU
		{190AF002-429A-4F0E-914E-FF95FC57847C}.Debug|x86.Build.0 = Debug|Any CPU
		{190AF002-429A-4F0E-914E-FF95FC57847C}.Release|Any CPU.ActiveCfg = Release|Any CPU
		{190AF002-429A-4F0E-914E-FF95FC57847C}.Release|Any CPU.Build.0 = Release|Any CPU
		{190AF002-429A-4F0E-914E-FF95FC57847C}.Release|x64.ActiveCfg = Release|Any CPU
		{190AF002-429A-4F0E-914E-FF95FC57847C}.Release|x86.ActiveCfg = Release|Any CPU
		{190AF002-429A-4F0E-914E-FF95FC57847C}.Release|x86.Build.0 = Release|Any CPU
		{DE3A8B07-4FA1-47D3-90FF-FB6AF0EC416D}.Debug|Any CPU.ActiveCfg = Debug
		{DE3A8B07-4FA1-47D3-90FF-FB6AF0EC416D}.Debug|Any CPU.Build.0 = Debug
		{DE3A8B07-4FA1-47D3-90FF-FB6AF0EC416D}.Debug|x64.ActiveCfg = Debug
		{DE3A8B07-4FA1-47D3-90FF-FB6AF0EC416D}.Debug|x64.Build.0 = Debug
		{DE3A8B07-4FA1-47D3-90FF-FB6AF0EC416D}.Debug|x86.ActiveCfg = Debug
		{DE3A8B07-4FA1-47D3-90FF-FB6AF0EC416D}.Debug|x86.Build.0 = Debug
		{DE3A8B07-4FA1-47D3-90FF-FB6AF0EC416D}.Release|Any CPU.ActiveCfg = Release
		{DE3A8B07-4FA1-47D3-90FF-FB6AF0EC416D}.Release|x64.ActiveCfg = Release
		{DE3A8B07-4FA1-47D3-90FF-FB6AF0EC416D}.Release|x64.Build.0 = Release
		{DE3A8B07-4FA1-47D3-90FF-FB6AF0EC416D}.Release|x86.ActiveCfg = Release
		{15166576-82FB-478A-B612-A7A96CA91A2D}.Debug|Any CPU.ActiveCfg = Debug|Any CPU
		{15166576-82FB-478A-B612-A7A96CA91A2D}.Debug|Any CPU.Build.0 = Debug|Any CPU
		{15166576-82FB-478A-B612-A7A96CA91A2D}.Debug|x64.ActiveCfg = Debug|Any CPU
		{15166576-82FB-478A-B612-A7A96CA91A2D}.Debug|x64.Build.0 = Debug|Any CPU
		{15166576-82FB-478A-B612-A7A96CA91A2D}.Debug|x86.ActiveCfg = Debug|Any CPU
		{15166576-82FB-478A-B612-A7A96CA91A2D}.Debug|x86.Build.0 = Debug|Any CPU
		{15166576-82FB-478A-B612-A7A96CA91A2D}.Release|Any CPU.ActiveCfg = Release|Any CPU
		{15166576-82FB-478A-B612-A7A96CA91A2D}.Release|Any CPU.Build.0 = Release|Any CPU
		{15166576-82FB-478A-B612-A7A96CA91A2D}.Release|x64.ActiveCfg = Release|Any CPU
		{15166576-82FB-478A-B612-A7A96CA91A2D}.Release|x64.Build.0 = Release|Any CPU
		{15166576-82FB-478A-B612-A7A96CA91A2D}.Release|x86.ActiveCfg = Release|Any CPU
		{15166576-82FB-478A-B612-A7A96CA91A2D}.Release|x86.Build.0 = Release|Any CPU
		{6EA6BBE5-C023-43FF-A79F-2ECA44ACB0A6}.Debug|Any CPU.ActiveCfg = Debug|Any CPU
		{6EA6BBE5-C023-43FF-A79F-2ECA44ACB0A6}.Debug|Any CPU.Build.0 = Debug|Any CPU
		{6EA6BBE5-C023-43FF-A79F-2ECA44ACB0A6}.Debug|x64.ActiveCfg = Debug|Any CPU
		{6EA6BBE5-C023-43FF-A79F-2ECA44ACB0A6}.Debug|x64.Build.0 = Debug|Any CPU
		{6EA6BBE5-C023-43FF-A79F-2ECA44ACB0A6}.Debug|x86.ActiveCfg = Debug|Any CPU
		{6EA6BBE5-C023-43FF-A79F-2ECA44ACB0A6}.Debug|x86.Build.0 = Debug|Any CPU
		{6EA6BBE5-C023-43FF-A79F-2ECA44ACB0A6}.Release|Any CPU.ActiveCfg = Release|Any CPU
		{6EA6BBE5-C023-43FF-A79F-2ECA44ACB0A6}.Release|Any CPU.Build.0 = Release|Any CPU
		{6EA6BBE5-C023-43FF-A79F-2ECA44ACB0A6}.Release|x64.ActiveCfg = Release|Any CPU
		{6EA6BBE5-C023-43FF-A79F-2ECA44ACB0A6}.Release|x64.Build.0 = Release|Any CPU
		{6EA6BBE5-C023-43FF-A79F-2ECA44ACB0A6}.Release|x86.ActiveCfg = Release|Any CPU
		{6EA6BBE5-C023-43FF-A79F-2ECA44ACB0A6}.Release|x86.Build.0 = Release|Any CPU
		{42FB2C72-BE76-4ACC-A3A3-B4641DEDF85C}.Debug|Any CPU.ActiveCfg = Debug|Any CPU
		{42FB2C72-BE76-4ACC-A3A3-B4641DEDF85C}.Debug|Any CPU.Build.0 = Debug|Any CPU
		{42FB2C72-BE76-4ACC-A3A3-B4641DEDF85C}.Debug|x64.ActiveCfg = Debug|Any CPU
		{42FB2C72-BE76-4ACC-A3A3-B4641DEDF85C}.Debug|x64.Build.0 = Debug|Any CPU
		{42FB2C72-BE76-4ACC-A3A3-B4641DEDF85C}.Debug|x86.ActiveCfg = Debug|Any CPU
		{42FB2C72-BE76-4ACC-A3A3-B4641DEDF85C}.Debug|x86.Build.0 = Debug|Any CPU
		{42FB2C72-BE76-4ACC-A3A3-B4641DEDF85C}.Release|Any CPU.ActiveCfg = Release|Any CPU
		{42FB2C72-BE76-4ACC-A3A3-B4641DEDF85C}.Release|Any CPU.Build.0 = Release|Any CPU
		{42FB2C72-BE76-4ACC-A3A3-B4641DEDF85C}.Release|x64.ActiveCfg = Release|Any CPU
		{42FB2C72-BE76-4ACC-A3A3-B4641DEDF85C}.Release|x64.Build.0 = Release|Any CPU
		{42FB2C72-BE76-4ACC-A3A3-B4641DEDF85C}.Release|x86.ActiveCfg = Release|Any CPU
		{42FB2C72-BE76-4ACC-A3A3-B4641DEDF85C}.Release|x86.Build.0 = Release|Any CPU
		{D8682379-697C-4A25-A387-A03DEBE6B2E1}.Debug|Any CPU.ActiveCfg = Debug|Any CPU
		{D8682379-697C-4A25-A387-A03DEBE6B2E1}.Debug|Any CPU.Build.0 = Debug|Any CPU
		{D8682379-697C-4A25-A387-A03DEBE6B2E1}.Debug|x64.ActiveCfg = Debug|Any CPU
		{D8682379-697C-4A25-A387-A03DEBE6B2E1}.Debug|x64.Build.0 = Debug|Any CPU
		{D8682379-697C-4A25-A387-A03DEBE6B2E1}.Debug|x86.ActiveCfg = Debug|Any CPU
		{D8682379-697C-4A25-A387-A03DEBE6B2E1}.Debug|x86.Build.0 = Debug|Any CPU
		{D8682379-697C-4A25-A387-A03DEBE6B2E1}.Release|Any CPU.ActiveCfg = Release|Any CPU
		{D8682379-697C-4A25-A387-A03DEBE6B2E1}.Release|Any CPU.Build.0 = Release|Any CPU
		{D8682379-697C-4A25-A387-A03DEBE6B2E1}.Release|x64.ActiveCfg = Release|Any CPU
		{D8682379-697C-4A25-A387-A03DEBE6B2E1}.Release|x64.Build.0 = Release|Any CPU
		{D8682379-697C-4A25-A387-A03DEBE6B2E1}.Release|x86.ActiveCfg = Release|Any CPU
		{D8682379-697C-4A25-A387-A03DEBE6B2E1}.Release|x86.Build.0 = Release|Any CPU
		{36237E7E-ACA8-4611-B00E-D47011152817}.Debug|Any CPU.ActiveCfg = Debug|Any CPU
		{36237E7E-ACA8-4611-B00E-D47011152817}.Debug|Any CPU.Build.0 = Debug|Any CPU
		{36237E7E-ACA8-4611-B00E-D47011152817}.Debug|x64.ActiveCfg = Debug|Any CPU
		{36237E7E-ACA8-4611-B00E-D47011152817}.Debug|x64.Build.0 = Debug|Any CPU
		{36237E7E-ACA8-4611-B00E-D47011152817}.Debug|x86.ActiveCfg = Debug|Any CPU
		{36237E7E-ACA8-4611-B00E-D47011152817}.Debug|x86.Build.0 = Debug|Any CPU
		{36237E7E-ACA8-4611-B00E-D47011152817}.Release|Any CPU.ActiveCfg = Release|Any CPU
		{36237E7E-ACA8-4611-B00E-D47011152817}.Release|Any CPU.Build.0 = Release|Any CPU
		{36237E7E-ACA8-4611-B00E-D47011152817}.Release|x64.ActiveCfg = Release|Any CPU
		{36237E7E-ACA8-4611-B00E-D47011152817}.Release|x64.Build.0 = Release|Any CPU
		{36237E7E-ACA8-4611-B00E-D47011152817}.Release|x86.ActiveCfg = Release|Any CPU
		{36237E7E-ACA8-4611-B00E-D47011152817}.Release|x86.Build.0 = Release|Any CPU
		{EDEB7F1C-9594-4F3C-A0CF-BF52EA91FF1F}.Debug|Any CPU.ActiveCfg = Debug|Any CPU
		{EDEB7F1C-9594-4F3C-A0CF-BF52EA91FF1F}.Debug|Any CPU.Build.0 = Debug|Any CPU
		{EDEB7F1C-9594-4F3C-A0CF-BF52EA91FF1F}.Debug|x64.ActiveCfg = Debug|Any CPU
		{EDEB7F1C-9594-4F3C-A0CF-BF52EA91FF1F}.Debug|x64.Build.0 = Debug|Any CPU
		{EDEB7F1C-9594-4F3C-A0CF-BF52EA91FF1F}.Debug|x86.ActiveCfg = Debug|Any CPU
		{EDEB7F1C-9594-4F3C-A0CF-BF52EA91FF1F}.Debug|x86.Build.0 = Debug|Any CPU
		{EDEB7F1C-9594-4F3C-A0CF-BF52EA91FF1F}.Release|Any CPU.ActiveCfg = Release|Any CPU
		{EDEB7F1C-9594-4F3C-A0CF-BF52EA91FF1F}.Release|Any CPU.Build.0 = Release|Any CPU
		{EDEB7F1C-9594-4F3C-A0CF-BF52EA91FF1F}.Release|x64.ActiveCfg = Release|Any CPU
		{EDEB7F1C-9594-4F3C-A0CF-BF52EA91FF1F}.Release|x64.Build.0 = Release|Any CPU
		{EDEB7F1C-9594-4F3C-A0CF-BF52EA91FF1F}.Release|x86.ActiveCfg = Release|Any CPU
		{EDEB7F1C-9594-4F3C-A0CF-BF52EA91FF1F}.Release|x86.Build.0 = Release|Any CPU
		{959CD179-95B6-48FB-B285-9D53FEB4D469}.Debug|Any CPU.ActiveCfg = Debug|Any CPU
		{959CD179-95B6-48FB-B285-9D53FEB4D469}.Debug|Any CPU.Build.0 = Debug|Any CPU
		{959CD179-95B6-48FB-B285-9D53FEB4D469}.Debug|x64.ActiveCfg = Debug|Any CPU
		{959CD179-95B6-48FB-B285-9D53FEB4D469}.Debug|x64.Build.0 = Debug|Any CPU
		{959CD179-95B6-48FB-B285-9D53FEB4D469}.Debug|x86.ActiveCfg = Debug|Any CPU
		{959CD179-95B6-48FB-B285-9D53FEB4D469}.Debug|x86.Build.0 = Debug|Any CPU
		{959CD179-95B6-48FB-B285-9D53FEB4D469}.Release|Any CPU.ActiveCfg = Release|Any CPU
		{959CD179-95B6-48FB-B285-9D53FEB4D469}.Release|Any CPU.Build.0 = Release|Any CPU
		{959CD179-95B6-48FB-B285-9D53FEB4D469}.Release|x64.ActiveCfg = Release|Any CPU
		{959CD179-95B6-48FB-B285-9D53FEB4D469}.Release|x64.Build.0 = Release|Any CPU
		{959CD179-95B6-48FB-B285-9D53FEB4D469}.Release|x86.ActiveCfg = Release|Any CPU
		{959CD179-95B6-48FB-B285-9D53FEB4D469}.Release|x86.Build.0 = Release|Any CPU
		{37C4D0F7-87B3-4E90-B0E3-03428CA47B6D}.Debug|Any CPU.ActiveCfg = Debug|Win32
		{37C4D0F7-87B3-4E90-B0E3-03428CA47B6D}.Debug|Any CPU.Build.0 = Debug|Win32
		{37C4D0F7-87B3-4E90-B0E3-03428CA47B6D}.Debug|x64.ActiveCfg = Debug|x64
		{37C4D0F7-87B3-4E90-B0E3-03428CA47B6D}.Debug|x64.Build.0 = Debug|x64
		{37C4D0F7-87B3-4E90-B0E3-03428CA47B6D}.Debug|x86.ActiveCfg = Debug|Win32
		{37C4D0F7-87B3-4E90-B0E3-03428CA47B6D}.Debug|x86.Build.0 = Debug|Win32
		{37C4D0F7-87B3-4E90-B0E3-03428CA47B6D}.Release|Any CPU.ActiveCfg = Release|Win32
		{37C4D0F7-87B3-4E90-B0E3-03428CA47B6D}.Release|x64.ActiveCfg = Release|x64
		{37C4D0F7-87B3-4E90-B0E3-03428CA47B6D}.Release|x64.Build.0 = Release|x64
		{37C4D0F7-87B3-4E90-B0E3-03428CA47B6D}.Release|x86.ActiveCfg = Release|Win32
		{37C4D0F7-87B3-4E90-B0E3-03428CA47B6D}.Release|x86.Build.0 = Release|Win32
		{D4861AAE-FE22-4CC0-950E-4D58EA5878D7}.Debug|Any CPU.ActiveCfg = Debug|Any CPU
		{D4861AAE-FE22-4CC0-950E-4D58EA5878D7}.Debug|Any CPU.Build.0 = Debug|Any CPU
		{D4861AAE-FE22-4CC0-950E-4D58EA5878D7}.Debug|x64.ActiveCfg = Debug|Any CPU
		{D4861AAE-FE22-4CC0-950E-4D58EA5878D7}.Debug|x64.Build.0 = Debug|Any CPU
		{D4861AAE-FE22-4CC0-950E-4D58EA5878D7}.Debug|x86.ActiveCfg = Debug|Any CPU
		{D4861AAE-FE22-4CC0-950E-4D58EA5878D7}.Debug|x86.Build.0 = Debug|Any CPU
		{D4861AAE-FE22-4CC0-950E-4D58EA5878D7}.Release|Any CPU.ActiveCfg = Release|Any CPU
		{D4861AAE-FE22-4CC0-950E-4D58EA5878D7}.Release|Any CPU.Build.0 = Release|Any CPU
		{D4861AAE-FE22-4CC0-950E-4D58EA5878D7}.Release|x64.ActiveCfg = Release|Any CPU
		{D4861AAE-FE22-4CC0-950E-4D58EA5878D7}.Release|x64.Build.0 = Release|Any CPU
		{D4861AAE-FE22-4CC0-950E-4D58EA5878D7}.Release|x86.ActiveCfg = Release|Any CPU
		{D4861AAE-FE22-4CC0-950E-4D58EA5878D7}.Release|x86.Build.0 = Release|Any CPU
		{DE2E4C89-994C-4DF5-8100-189A978B0F60}.Debug|Any CPU.ActiveCfg = Debug|Any CPU
		{DE2E4C89-994C-4DF5-8100-189A978B0F60}.Debug|Any CPU.Build.0 = Debug|Any CPU
		{DE2E4C89-994C-4DF5-8100-189A978B0F60}.Debug|x64.ActiveCfg = Debug|Any CPU
		{DE2E4C89-994C-4DF5-8100-189A978B0F60}.Debug|x64.Build.0 = Debug|Any CPU
		{DE2E4C89-994C-4DF5-8100-189A978B0F60}.Debug|x86.ActiveCfg = Debug|Any CPU
		{DE2E4C89-994C-4DF5-8100-189A978B0F60}.Debug|x86.Build.0 = Debug|Any CPU
		{DE2E4C89-994C-4DF5-8100-189A978B0F60}.Release|Any CPU.ActiveCfg = Release|Any CPU
		{DE2E4C89-994C-4DF5-8100-189A978B0F60}.Release|Any CPU.Build.0 = Release|Any CPU
		{DE2E4C89-994C-4DF5-8100-189A978B0F60}.Release|x64.ActiveCfg = Release|Any CPU
		{DE2E4C89-994C-4DF5-8100-189A978B0F60}.Release|x64.Build.0 = Release|Any CPU
		{DE2E4C89-994C-4DF5-8100-189A978B0F60}.Release|x86.ActiveCfg = Release|Any CPU
		{DE2E4C89-994C-4DF5-8100-189A978B0F60}.Release|x86.Build.0 = Release|Any CPU
		{9BDBD0ED-503A-4AC1-ACA2-45EDCB147E04}.Debug|Any CPU.ActiveCfg = Debug|Any CPU
		{9BDBD0ED-503A-4AC1-ACA2-45EDCB147E04}.Debug|Any CPU.Build.0 = Debug|Any CPU
		{9BDBD0ED-503A-4AC1-ACA2-45EDCB147E04}.Debug|x64.ActiveCfg = Debug|Any CPU
		{9BDBD0ED-503A-4AC1-ACA2-45EDCB147E04}.Debug|x64.Build.0 = Debug|Any CPU
		{9BDBD0ED-503A-4AC1-ACA2-45EDCB147E04}.Debug|x86.ActiveCfg = Debug|Any CPU
		{9BDBD0ED-503A-4AC1-ACA2-45EDCB147E04}.Debug|x86.Build.0 = Debug|Any CPU
		{9BDBD0ED-503A-4AC1-ACA2-45EDCB147E04}.Release|Any CPU.ActiveCfg = Release|Any CPU
		{9BDBD0ED-503A-4AC1-ACA2-45EDCB147E04}.Release|Any CPU.Build.0 = Release|Any CPU
		{9BDBD0ED-503A-4AC1-ACA2-45EDCB147E04}.Release|x64.ActiveCfg = Release|Any CPU
		{9BDBD0ED-503A-4AC1-ACA2-45EDCB147E04}.Release|x64.Build.0 = Release|Any CPU
		{9BDBD0ED-503A-4AC1-ACA2-45EDCB147E04}.Release|x86.ActiveCfg = Release|Any CPU
		{9BDBD0ED-503A-4AC1-ACA2-45EDCB147E04}.Release|x86.Build.0 = Release|Any CPU
		{C18EE55B-A14D-491C-B288-55E1B76FDF0A}.Debug|Any CPU.ActiveCfg = Debug|Any CPU
		{C18EE55B-A14D-491C-B288-55E1B76FDF0A}.Debug|Any CPU.Build.0 = Debug|Any CPU
		{C18EE55B-A14D-491C-B288-55E1B76FDF0A}.Debug|x64.ActiveCfg = Debug|Any CPU
		{C18EE55B-A14D-491C-B288-55E1B76FDF0A}.Debug|x64.Build.0 = Debug|Any CPU
		{C18EE55B-A14D-491C-B288-55E1B76FDF0A}.Debug|x86.ActiveCfg = Debug|Any CPU
		{C18EE55B-A14D-491C-B288-55E1B76FDF0A}.Debug|x86.Build.0 = Debug|Any CPU
		{C18EE55B-A14D-491C-B288-55E1B76FDF0A}.Release|Any CPU.ActiveCfg = Release|Any CPU
		{C18EE55B-A14D-491C-B288-55E1B76FDF0A}.Release|Any CPU.Build.0 = Release|Any CPU
		{C18EE55B-A14D-491C-B288-55E1B76FDF0A}.Release|x64.ActiveCfg = Release|Any CPU
		{C18EE55B-A14D-491C-B288-55E1B76FDF0A}.Release|x64.Build.0 = Release|Any CPU
		{C18EE55B-A14D-491C-B288-55E1B76FDF0A}.Release|x86.ActiveCfg = Release|Any CPU
		{C18EE55B-A14D-491C-B288-55E1B76FDF0A}.Release|x86.Build.0 = Release|Any CPU
		{73E62CF9-D2A5-4D0A-ACF0-B1C26C1573F2}.Debug|Any CPU.ActiveCfg = Debug|Any CPU
		{73E62CF9-D2A5-4D0A-ACF0-B1C26C1573F2}.Debug|Any CPU.Build.0 = Debug|Any CPU
		{73E62CF9-D2A5-4D0A-ACF0-B1C26C1573F2}.Debug|x64.ActiveCfg = Debug|Any CPU
		{73E62CF9-D2A5-4D0A-ACF0-B1C26C1573F2}.Debug|x64.Build.0 = Debug|Any CPU
		{73E62CF9-D2A5-4D0A-ACF0-B1C26C1573F2}.Debug|x86.ActiveCfg = Debug|Any CPU
		{73E62CF9-D2A5-4D0A-ACF0-B1C26C1573F2}.Debug|x86.Build.0 = Debug|Any CPU
		{73E62CF9-D2A5-4D0A-ACF0-B1C26C1573F2}.Release|Any CPU.ActiveCfg = Release|Any CPU
		{73E62CF9-D2A5-4D0A-ACF0-B1C26C1573F2}.Release|Any CPU.Build.0 = Release|Any CPU
		{73E62CF9-D2A5-4D0A-ACF0-B1C26C1573F2}.Release|x64.ActiveCfg = Release|Any CPU
		{73E62CF9-D2A5-4D0A-ACF0-B1C26C1573F2}.Release|x64.Build.0 = Release|Any CPU
		{73E62CF9-D2A5-4D0A-ACF0-B1C26C1573F2}.Release|x86.ActiveCfg = Release|Any CPU
		{73E62CF9-D2A5-4D0A-ACF0-B1C26C1573F2}.Release|x86.Build.0 = Release|Any CPU
		{302FA40A-EC77-4E12-BCD6-44FAA37B5221}.Debug|Any CPU.ActiveCfg = Debug|Any CPU
		{302FA40A-EC77-4E12-BCD6-44FAA37B5221}.Debug|Any CPU.Build.0 = Debug|Any CPU
		{302FA40A-EC77-4E12-BCD6-44FAA37B5221}.Debug|x64.ActiveCfg = Debug|Any CPU
		{302FA40A-EC77-4E12-BCD6-44FAA37B5221}.Debug|x64.Build.0 = Debug|Any CPU
		{302FA40A-EC77-4E12-BCD6-44FAA37B5221}.Debug|x86.ActiveCfg = Debug|Any CPU
		{302FA40A-EC77-4E12-BCD6-44FAA37B5221}.Debug|x86.Build.0 = Debug|Any CPU
		{302FA40A-EC77-4E12-BCD6-44FAA37B5221}.Release|Any CPU.ActiveCfg = Release|Any CPU
		{302FA40A-EC77-4E12-BCD6-44FAA37B5221}.Release|Any CPU.Build.0 = Release|Any CPU
		{302FA40A-EC77-4E12-BCD6-44FAA37B5221}.Release|x64.ActiveCfg = Release|Any CPU
		{302FA40A-EC77-4E12-BCD6-44FAA37B5221}.Release|x64.Build.0 = Release|Any CPU
		{302FA40A-EC77-4E12-BCD6-44FAA37B5221}.Release|x86.ActiveCfg = Release|Any CPU
		{302FA40A-EC77-4E12-BCD6-44FAA37B5221}.Release|x86.Build.0 = Release|Any CPU
		{2DAE9899-BAC3-4680-93AA-B3E99D0B7783}.Debug|Any CPU.ActiveCfg = Debug|Any CPU
		{2DAE9899-BAC3-4680-93AA-B3E99D0B7783}.Debug|Any CPU.Build.0 = Debug|Any CPU
		{2DAE9899-BAC3-4680-93AA-B3E99D0B7783}.Debug|x64.ActiveCfg = Debug|Any CPU
		{2DAE9899-BAC3-4680-93AA-B3E99D0B7783}.Debug|x64.Build.0 = Debug|Any CPU
		{2DAE9899-BAC3-4680-93AA-B3E99D0B7783}.Debug|x86.ActiveCfg = Debug|Any CPU
		{2DAE9899-BAC3-4680-93AA-B3E99D0B7783}.Debug|x86.Build.0 = Debug|Any CPU
		{2DAE9899-BAC3-4680-93AA-B3E99D0B7783}.Release|Any CPU.ActiveCfg = Release|Any CPU
		{2DAE9899-BAC3-4680-93AA-B3E99D0B7783}.Release|Any CPU.Build.0 = Release|Any CPU
		{2DAE9899-BAC3-4680-93AA-B3E99D0B7783}.Release|x64.ActiveCfg = Release|Any CPU
		{2DAE9899-BAC3-4680-93AA-B3E99D0B7783}.Release|x64.Build.0 = Release|Any CPU
		{2DAE9899-BAC3-4680-93AA-B3E99D0B7783}.Release|x86.ActiveCfg = Release|Any CPU
		{2DAE9899-BAC3-4680-93AA-B3E99D0B7783}.Release|x86.Build.0 = Release|Any CPU
		{8B3D452C-4813-4A9E-B572-3138A0BDB2CF}.Debug|Any CPU.ActiveCfg = Debug|Any CPU
		{8B3D452C-4813-4A9E-B572-3138A0BDB2CF}.Debug|Any CPU.Build.0 = Debug|Any CPU
		{8B3D452C-4813-4A9E-B572-3138A0BDB2CF}.Debug|x64.ActiveCfg = Debug|Any CPU
		{8B3D452C-4813-4A9E-B572-3138A0BDB2CF}.Debug|x64.Build.0 = Debug|Any CPU
		{8B3D452C-4813-4A9E-B572-3138A0BDB2CF}.Debug|x86.ActiveCfg = Debug|Any CPU
		{8B3D452C-4813-4A9E-B572-3138A0BDB2CF}.Debug|x86.Build.0 = Debug|Any CPU
		{8B3D452C-4813-4A9E-B572-3138A0BDB2CF}.Release|Any CPU.ActiveCfg = Release|Any CPU
		{8B3D452C-4813-4A9E-B572-3138A0BDB2CF}.Release|Any CPU.Build.0 = Release|Any CPU
		{8B3D452C-4813-4A9E-B572-3138A0BDB2CF}.Release|x64.ActiveCfg = Release|Any CPU
		{8B3D452C-4813-4A9E-B572-3138A0BDB2CF}.Release|x64.Build.0 = Release|Any CPU
		{8B3D452C-4813-4A9E-B572-3138A0BDB2CF}.Release|x86.ActiveCfg = Release|Any CPU
		{8B3D452C-4813-4A9E-B572-3138A0BDB2CF}.Release|x86.Build.0 = Release|Any CPU
		{5D7219AF-1C54-43B5-8FDF-28176A3E01B4}.Debug|Any CPU.ActiveCfg = Debug|Win32
		{5D7219AF-1C54-43B5-8FDF-28176A3E01B4}.Debug|Any CPU.Build.0 = Debug|Win32
		{5D7219AF-1C54-43B5-8FDF-28176A3E01B4}.Debug|x64.ActiveCfg = Debug|x64
		{5D7219AF-1C54-43B5-8FDF-28176A3E01B4}.Debug|x64.Build.0 = Debug|x64
		{5D7219AF-1C54-43B5-8FDF-28176A3E01B4}.Debug|x86.ActiveCfg = Debug|Win32
		{5D7219AF-1C54-43B5-8FDF-28176A3E01B4}.Debug|x86.Build.0 = Debug|Win32
		{5D7219AF-1C54-43B5-8FDF-28176A3E01B4}.Release|Any CPU.ActiveCfg = Release|Win32
		{5D7219AF-1C54-43B5-8FDF-28176A3E01B4}.Release|x64.ActiveCfg = Release|x64
		{5D7219AF-1C54-43B5-8FDF-28176A3E01B4}.Release|x64.Build.0 = Release|x64
		{5D7219AF-1C54-43B5-8FDF-28176A3E01B4}.Release|x86.ActiveCfg = Release|Win32
		{5D7219AF-1C54-43B5-8FDF-28176A3E01B4}.Release|x86.Build.0 = Release|Win32
		{C9F28A7C-B389-4548-A8C4-F076E4D5F187}.Debug|Any CPU.ActiveCfg = Debug|Any CPU
		{C9F28A7C-B389-4548-A8C4-F076E4D5F187}.Debug|Any CPU.Build.0 = Debug|Any CPU
		{C9F28A7C-B389-4548-A8C4-F076E4D5F187}.Debug|x64.ActiveCfg = Debug|Any CPU
		{C9F28A7C-B389-4548-A8C4-F076E4D5F187}.Debug|x64.Build.0 = Debug|Any CPU
		{C9F28A7C-B389-4548-A8C4-F076E4D5F187}.Debug|x86.ActiveCfg = Debug|Any CPU
		{C9F28A7C-B389-4548-A8C4-F076E4D5F187}.Debug|x86.Build.0 = Debug|Any CPU
		{C9F28A7C-B389-4548-A8C4-F076E4D5F187}.Release|Any CPU.ActiveCfg = Release|Any CPU
		{C9F28A7C-B389-4548-A8C4-F076E4D5F187}.Release|Any CPU.Build.0 = Release|Any CPU
		{C9F28A7C-B389-4548-A8C4-F076E4D5F187}.Release|x64.ActiveCfg = Release|Any CPU
		{C9F28A7C-B389-4548-A8C4-F076E4D5F187}.Release|x64.Build.0 = Release|Any CPU
		{C9F28A7C-B389-4548-A8C4-F076E4D5F187}.Release|x86.ActiveCfg = Release|Any CPU
		{C9F28A7C-B389-4548-A8C4-F076E4D5F187}.Release|x86.Build.0 = Release|Any CPU
		{B7245470-4380-4FDA-9187-3C403E676BB3}.Debug|Any CPU.ActiveCfg = Debug|Any CPU
		{B7245470-4380-4FDA-9187-3C403E676BB3}.Debug|Any CPU.Build.0 = Debug|Any CPU
		{B7245470-4380-4FDA-9187-3C403E676BB3}.Debug|x64.ActiveCfg = Debug|Any CPU
		{B7245470-4380-4FDA-9187-3C403E676BB3}.Debug|x64.Build.0 = Debug|Any CPU
		{B7245470-4380-4FDA-9187-3C403E676BB3}.Debug|x86.ActiveCfg = Debug|Any CPU
		{B7245470-4380-4FDA-9187-3C403E676BB3}.Debug|x86.Build.0 = Debug|Any CPU
		{B7245470-4380-4FDA-9187-3C403E676BB3}.Release|Any CPU.ActiveCfg = Release|Any CPU
		{B7245470-4380-4FDA-9187-3C403E676BB3}.Release|Any CPU.Build.0 = Release|Any CPU
		{B7245470-4380-4FDA-9187-3C403E676BB3}.Release|x64.ActiveCfg = Release|Any CPU
		{B7245470-4380-4FDA-9187-3C403E676BB3}.Release|x64.Build.0 = Release|Any CPU
		{B7245470-4380-4FDA-9187-3C403E676BB3}.Release|x86.ActiveCfg = Release|Any CPU
		{B7245470-4380-4FDA-9187-3C403E676BB3}.Release|x86.Build.0 = Release|Any CPU
	EndGlobalSection
	GlobalSection(SolutionProperties) = preSolution
		HideSolutionNode = FALSE
	EndGlobalSection
	GlobalSection(NestedProjects) = preSolution
		{5CF1B06D-0C81-4F99-8747-06A5BFD59EA0} = {9DABD69E-010C-419B-B91D-39287D6656CC}
		{FE37F2AF-95C2-4EB7-A0F7-E47FE04C1F89} = {9DABD69E-010C-419B-B91D-39287D6656CC}
		{15166576-82FB-478A-B612-A7A96CA91A2D} = {F1D86775-AAAE-40E7-91B7-A71C3E93FA7E}
		{6EA6BBE5-C023-43FF-A79F-2ECA44ACB0A6} = {9DABD69E-010C-419B-B91D-39287D6656CC}
		{42FB2C72-BE76-4ACC-A3A3-B4641DEDF85C} = {9DABD69E-010C-419B-B91D-39287D6656CC}
		{36237E7E-ACA8-4611-B00E-D47011152817} = {9DABD69E-010C-419B-B91D-39287D6656CC}
		{EDEB7F1C-9594-4F3C-A0CF-BF52EA91FF1F} = {9DABD69E-010C-419B-B91D-39287D6656CC}
		{959CD179-95B6-48FB-B285-9D53FEB4D469} = {9DABD69E-010C-419B-B91D-39287D6656CC}
		{37C4D0F7-87B3-4E90-B0E3-03428CA47B6D} = {9DABD69E-010C-419B-B91D-39287D6656CC}
		{D4861AAE-FE22-4CC0-950E-4D58EA5878D7} = {9DABD69E-010C-419B-B91D-39287D6656CC}
		{DE2E4C89-994C-4DF5-8100-189A978B0F60} = {9DABD69E-010C-419B-B91D-39287D6656CC}
		{9BDBD0ED-503A-4AC1-ACA2-45EDCB147E04} = {9DABD69E-010C-419B-B91D-39287D6656CC}
		{C18EE55B-A14D-491C-B288-55E1B76FDF0A} = {F1D86775-AAAE-40E7-91B7-A71C3E93FA7E}
		{73E62CF9-D2A5-4D0A-ACF0-B1C26C1573F2} = {9DABD69E-010C-419B-B91D-39287D6656CC}
		{302FA40A-EC77-4E12-BCD6-44FAA37B5221} = {9DABD69E-010C-419B-B91D-39287D6656CC}
		{2DAE9899-BAC3-4680-93AA-B3E99D0B7783} = {9DABD69E-010C-419B-B91D-39287D6656CC}
		{8B3D452C-4813-4A9E-B572-3138A0BDB2CF} = {9DABD69E-010C-419B-B91D-39287D6656CC}
		{5D7219AF-1C54-43B5-8FDF-28176A3E01B4} = {9DABD69E-010C-419B-B91D-39287D6656CC}
		{C9F28A7C-B389-4548-A8C4-F076E4D5F187} = {9DABD69E-010C-419B-B91D-39287D6656CC}
		{B7245470-4380-4FDA-9187-3C403E676BB3} = {9DABD69E-010C-419B-B91D-39287D6656CC}
	EndGlobalSection
EndGlobal
