
Microsoft Visual Studio Solution File, Format Version 12.00
# Visual Studio 14
VisualStudioVersion = 14.0.25420.1
MinimumVisualStudioVersion = 10.0.40219.1
Project("{FAE04EC0-301F-11D3-BF4B-00C04F79EFBC}") = "ConfigEditor_proj", "ConfigEditor_proj\ConfigEditor_proj.csproj", "{C0D059F3-BE2C-4805-A72B-814763414EB5}"
EndProject
Project("{FAE04EC0-301F-11D3-BF4B-00C04F79EFBC}") = "TreeViewTest", "TreeViewTest\TreeViewTest.csproj", "{56A18CCF-6470-4687-AF57-95506D213E7A}"
EndProject
Project("{FAE04EC0-301F-11D3-BF4B-00C04F79EFBC}") = "codeonlybinding", "C:\Users\Administrator\Desktop\codeonlybinding\csharp\codeonlybinding.csproj", "{92583AE8-07C4-422A-863D-7D84CD49DA4D}"
EndProject
Project("{FAE04EC0-301F-11D3-BF4B-00C04F79EFBC}") = "test", "test\test.csproj", "{63280F93-9DE0-4B60-81EA-7DC449766BEE}"
EndProject
Project("{FAE04EC0-301F-11D3-BF4B-00C04F79EFBC}") = "Manager_proj", "Manager_proj\Manager_proj.csproj", "{5C8B6F34-870D-4FF0-9729-003D3614B477}"
EndProject
Project("{FAE04EC0-301F-11D3-BF4B-00C04F79EFBC}") = "test2", "test2\test2.csproj", "{A02F8C10-3F1E-45F2-9373-86494187657A}"
EndProject
Project("{FAE04EC0-301F-11D3-BF4B-00C04F79EFBC}") = "telnet", "telnet\telnet.csproj", "{BCFF4DBE-B8EA-4B27-B3A9-53BE30485D78}"
EndProject
Project("{FAE04EC0-301F-11D3-BF4B-00C04F79EFBC}") = "Manager_proj_2", "Manager_proj_2\Manager_proj_2.csproj", "{E52B6218-72DA-4B90-B72C-3958381EA213}"
EndProject
Global
	GlobalSection(SolutionConfigurationPlatforms) = preSolution
		Debug|Any CPU = Debug|Any CPU
		Debug|x86 = Debug|x86
		Release|Any CPU = Release|Any CPU
		Release|x86 = Release|x86
	EndGlobalSection
	GlobalSection(ProjectConfigurationPlatforms) = postSolution
		{C0D059F3-BE2C-4805-A72B-814763414EB5}.Debug|Any CPU.ActiveCfg = Debug|Any CPU
		{C0D059F3-BE2C-4805-A72B-814763414EB5}.Debug|Any CPU.Build.0 = Debug|Any CPU
		{C0D059F3-BE2C-4805-A72B-814763414EB5}.Debug|x86.ActiveCfg = Debug|Any CPU
		{C0D059F3-BE2C-4805-A72B-814763414EB5}.Debug|x86.Build.0 = Debug|Any CPU
		{C0D059F3-BE2C-4805-A72B-814763414EB5}.Release|Any CPU.ActiveCfg = Release|Any CPU
		{C0D059F3-BE2C-4805-A72B-814763414EB5}.Release|Any CPU.Build.0 = Release|Any CPU
		{C0D059F3-BE2C-4805-A72B-814763414EB5}.Release|x86.ActiveCfg = Release|Any CPU
		{C0D059F3-BE2C-4805-A72B-814763414EB5}.Release|x86.Build.0 = Release|Any CPU
		{56A18CCF-6470-4687-AF57-95506D213E7A}.Debug|Any CPU.ActiveCfg = Debug|Any CPU
		{56A18CCF-6470-4687-AF57-95506D213E7A}.Debug|Any CPU.Build.0 = Debug|Any CPU
		{56A18CCF-6470-4687-AF57-95506D213E7A}.Debug|x86.ActiveCfg = Debug|Any CPU
		{56A18CCF-6470-4687-AF57-95506D213E7A}.Debug|x86.Build.0 = Debug|Any CPU
		{56A18CCF-6470-4687-AF57-95506D213E7A}.Release|Any CPU.ActiveCfg = Release|Any CPU
		{56A18CCF-6470-4687-AF57-95506D213E7A}.Release|Any CPU.Build.0 = Release|Any CPU
		{56A18CCF-6470-4687-AF57-95506D213E7A}.Release|x86.ActiveCfg = Release|Any CPU
		{56A18CCF-6470-4687-AF57-95506D213E7A}.Release|x86.Build.0 = Release|Any CPU
		{92583AE8-07C4-422A-863D-7D84CD49DA4D}.Debug|Any CPU.ActiveCfg = Debug|x86
		{92583AE8-07C4-422A-863D-7D84CD49DA4D}.Debug|x86.ActiveCfg = Debug|x86
		{92583AE8-07C4-422A-863D-7D84CD49DA4D}.Debug|x86.Build.0 = Debug|x86
		{92583AE8-07C4-422A-863D-7D84CD49DA4D}.Release|Any CPU.ActiveCfg = Debug|x86
		{92583AE8-07C4-422A-863D-7D84CD49DA4D}.Release|Any CPU.Build.0 = Debug|x86
		{92583AE8-07C4-422A-863D-7D84CD49DA4D}.Release|x86.ActiveCfg = Debug|x86
		{92583AE8-07C4-422A-863D-7D84CD49DA4D}.Release|x86.Build.0 = Debug|x86
		{63280F93-9DE0-4B60-81EA-7DC449766BEE}.Debug|Any CPU.ActiveCfg = Debug|Any CPU
		{63280F93-9DE0-4B60-81EA-7DC449766BEE}.Debug|Any CPU.Build.0 = Debug|Any CPU
		{63280F93-9DE0-4B60-81EA-7DC449766BEE}.Debug|x86.ActiveCfg = Debug|Any CPU
		{63280F93-9DE0-4B60-81EA-7DC449766BEE}.Debug|x86.Build.0 = Debug|Any CPU
		{63280F93-9DE0-4B60-81EA-7DC449766BEE}.Release|Any CPU.ActiveCfg = Release|Any CPU
		{63280F93-9DE0-4B60-81EA-7DC449766BEE}.Release|Any CPU.Build.0 = Release|Any CPU
		{63280F93-9DE0-4B60-81EA-7DC449766BEE}.Release|x86.ActiveCfg = Release|Any CPU
		{63280F93-9DE0-4B60-81EA-7DC449766BEE}.Release|x86.Build.0 = Release|Any CPU
		{5C8B6F34-870D-4FF0-9729-003D3614B477}.Debug|Any CPU.ActiveCfg = Debug|Any CPU
		{5C8B6F34-870D-4FF0-9729-003D3614B477}.Debug|Any CPU.Build.0 = Debug|Any CPU
		{5C8B6F34-870D-4FF0-9729-003D3614B477}.Debug|x86.ActiveCfg = Debug|Any CPU
		{5C8B6F34-870D-4FF0-9729-003D3614B477}.Debug|x86.Build.0 = Debug|Any CPU
		{5C8B6F34-870D-4FF0-9729-003D3614B477}.Release|Any CPU.ActiveCfg = Release|Any CPU
		{5C8B6F34-870D-4FF0-9729-003D3614B477}.Release|Any CPU.Build.0 = Release|Any CPU
		{5C8B6F34-870D-4FF0-9729-003D3614B477}.Release|x86.ActiveCfg = Release|Any CPU
		{5C8B6F34-870D-4FF0-9729-003D3614B477}.Release|x86.Build.0 = Release|Any CPU
		{A02F8C10-3F1E-45F2-9373-86494187657A}.Debug|Any CPU.ActiveCfg = Debug|Any CPU
		{A02F8C10-3F1E-45F2-9373-86494187657A}.Debug|Any CPU.Build.0 = Debug|Any CPU
		{A02F8C10-3F1E-45F2-9373-86494187657A}.Debug|x86.ActiveCfg = Debug|Any CPU
		{A02F8C10-3F1E-45F2-9373-86494187657A}.Debug|x86.Build.0 = Debug|Any CPU
		{A02F8C10-3F1E-45F2-9373-86494187657A}.Release|Any CPU.ActiveCfg = Release|Any CPU
		{A02F8C10-3F1E-45F2-9373-86494187657A}.Release|Any CPU.Build.0 = Release|Any CPU
		{A02F8C10-3F1E-45F2-9373-86494187657A}.Release|x86.ActiveCfg = Release|Any CPU
		{A02F8C10-3F1E-45F2-9373-86494187657A}.Release|x86.Build.0 = Release|Any CPU
		{BCFF4DBE-B8EA-4B27-B3A9-53BE30485D78}.Debug|Any CPU.ActiveCfg = Debug|Any CPU
		{BCFF4DBE-B8EA-4B27-B3A9-53BE30485D78}.Debug|Any CPU.Build.0 = Debug|Any CPU
		{BCFF4DBE-B8EA-4B27-B3A9-53BE30485D78}.Debug|x86.ActiveCfg = Debug|Any CPU
		{BCFF4DBE-B8EA-4B27-B3A9-53BE30485D78}.Debug|x86.Build.0 = Debug|Any CPU
		{BCFF4DBE-B8EA-4B27-B3A9-53BE30485D78}.Release|Any CPU.ActiveCfg = Release|Any CPU
		{BCFF4DBE-B8EA-4B27-B3A9-53BE30485D78}.Release|Any CPU.Build.0 = Release|Any CPU
		{BCFF4DBE-B8EA-4B27-B3A9-53BE30485D78}.Release|x86.ActiveCfg = Release|Any CPU
		{BCFF4DBE-B8EA-4B27-B3A9-53BE30485D78}.Release|x86.Build.0 = Release|Any CPU
		{E52B6218-72DA-4B90-B72C-3958381EA213}.Debug|Any CPU.ActiveCfg = Debug|Any CPU
		{E52B6218-72DA-4B90-B72C-3958381EA213}.Debug|Any CPU.Build.0 = Debug|Any CPU
		{E52B6218-72DA-4B90-B72C-3958381EA213}.Debug|x86.ActiveCfg = Debug|Any CPU
		{E52B6218-72DA-4B90-B72C-3958381EA213}.Debug|x86.Build.0 = Debug|Any CPU
		{E52B6218-72DA-4B90-B72C-3958381EA213}.Release|Any CPU.ActiveCfg = Release|Any CPU
		{E52B6218-72DA-4B90-B72C-3958381EA213}.Release|Any CPU.Build.0 = Release|Any CPU
		{E52B6218-72DA-4B90-B72C-3958381EA213}.Release|x86.ActiveCfg = Release|Any CPU
		{E52B6218-72DA-4B90-B72C-3958381EA213}.Release|x86.Build.0 = Release|Any CPU
	EndGlobalSection
	GlobalSection(SolutionProperties) = preSolution
		HideSolutionNode = FALSE
	EndGlobalSection
EndGlobal
