
Microsoft Visual Studio Solution File, Format Version 12.00
# Visual Studio 14
VisualStudioVersion = 14.0.25420.1
MinimumVisualStudioVersion = 10.0.40219.1
Project("{FAE04EC0-301F-11D3-BF4B-00C04F79EFBC}") = "ConfigEditor_proj", "ConfigEditor_proj\ConfigEditor_proj.csproj", "{C0D059F3-BE2C-4805-A72B-814763414EB5}"
EndProject
Project("{FAE04EC0-301F-11D3-BF4B-00C04F79EFBC}") = "TreeViewTest", "TreeViewTest\TreeViewTest.csproj", "{56A18CCF-6470-4687-AF57-95506D213E7A}"
EndProject
Project("{FAE04EC0-301F-11D3-BF4B-00C04F79EFBC}") = "codeonlybinding", "C:\Users\Administrator\Desktop\codeonlybinding\csharp\codeonlybinding.csproj", "{92583AE8-07C4-422A-863D-7D84CD49DA4D}"
EndProject
Project("{FAE04EC0-301F-11D3-BF4B-00C04F79EFBC}") = "test", "test\test.csproj", "{63280F93-9DE0-4B60-81EA-7DC449766BEE}"
EndProject
Project("{FAE04EC0-301F-11D3-BF4B-00C04F79EFBC}") = "Manager_proj", "Manager_proj\Manager_proj.csproj", "{5C8B6F34-870D-4FF0-9729-003D3614B477}"
EndProject
Project("{FAE04EC0-301F-11D3-BF4B-00C04F79EFBC}") = "test2", "test2\test2.csproj", "{A02F8C10-3F1E-45F2-9373-86494187657A}"
EndProject
Project("{FAE04EC0-301F-11D3-BF4B-00C04F79EFBC}") = "telnet", "telnet\telnet.csproj", "{BCFF4DBE-B8EA-4B27-B3A9-53BE30485D78}"
EndProject
Project("{FAE04EC0-301F-11D3-BF4B-00C04F79EFBC}") = "Manager_proj_2", "Manager_proj_2\Manager_proj_2.csproj", "{E52B6218-72DA-4B90-B72C-3958381EA213}"
EndProject
Project("{FAE04EC0-301F-11D3-BF4B-00C04F79EFBC}") = "Manager_proj_3", "Manager_proj_3\Manager_proj_3.csproj", "{11A271D9-CF82-4298-8BC1-850C70D36439}"
EndProject
Project("{FAE04EC0-301F-11D3-BF4B-00C04F79EFBC}") = "ModernUIApp1", "ModernUIApp1\ModernUIApp1.csproj", "{F7EB01CA-2E6A-433C-B17B-5A8C343EF41F}"
EndProject
Project("{FAE04EC0-301F-11D3-BF4B-00C04F79EFBC}") = "ModernUINavigationApp1", "ModernUINavigationApp1\ModernUINavigationApp1.csproj", "{90C69DBD-7649-4679-8BDF-351D55AC905C}"
EndProject
Project("{FAE04EC0-301F-11D3-BF4B-00C04F79EFBC}") = "ModernUIApp2", "ModernUIApp2\ModernUIApp2.csproj", "{13D091CD-A228-4C3C-9202-1F88CD19D661}"
EndProject
Project("{FAE04EC0-301F-11D3-BF4B-00C04F79EFBC}") = "ModernUINavigationApp2", "ModernUINavigationApp2\ModernUINavigationApp2.csproj", "{596FF94E-35C2-4232-80A8-384CD02454BC}"
EndProject
Project("{FAE04EC0-301F-11D3-BF4B-00C04F79EFBC}") = "ModernUIApp3", "ModernUIApp3\ModernUIApp3.csproj", "{11EB8500-0298-44B8-87F2-A322B254D74C}"
EndProject
Project("{FAE04EC0-301F-11D3-BF4B-00C04F79EFBC}") = "WpfApplication1", "WpfApplication1\WpfApplication1.csproj", "{8F727C8C-C78F-4E56-A885-6CCEFB0B017D}"
EndProject
Project("{FAE04EC0-301F-11D3-BF4B-00C04F79EFBC}") = "Manager_proj_4", "Manager_proj_4\Manager_proj_4.csproj", "{A21850D2-1CC4-4438-9C90-F2907A98AB11}"
EndProject
Project("{2150E333-8FDC-42A3-9474-1A3956D46DE8}") = "Tests", "Tests", "{9DABD69E-010C-419B-B91D-39287D6656CC}"
EndProject
Project("{FAE04EC0-301F-11D3-BF4B-00C04F79EFBC}") = "Test_Sqlite", "Tests\Test_Sqlite\Test_Sqlite.csproj", "{5CF1B06D-0C81-4F99-8747-06A5BFD59EA0}"
EndProject
Global
	GlobalSection(SolutionConfigurationPlatforms) = preSolution
		Debug|Any CPU = Debug|Any CPU
		Debug|x86 = Debug|x86
		Release|Any CPU = Release|Any CPU
		Release|x86 = Release|x86
	EndGlobalSection
	GlobalSection(ProjectConfigurationPlatforms) = postSolution
		{C0D059F3-BE2C-4805-A72B-814763414EB5}.Debug|Any CPU.ActiveCfg = Debug|Any CPU
		{C0D059F3-BE2C-4805-A72B-814763414EB5}.Debug|Any CPU.Build.0 = Debug|Any CPU
		{C0D059F3-BE2C-4805-A72B-814763414EB5}.Debug|x86.ActiveCfg = Debug|Any CPU
		{C0D059F3-BE2C-4805-A72B-814763414EB5}.Debug|x86.Build.0 = Debug|Any CPU
		{C0D059F3-BE2C-4805-A72B-814763414EB5}.Release|Any CPU.ActiveCfg = Release|Any CPU
		{C0D059F3-BE2C-4805-A72B-814763414EB5}.Release|Any CPU.Build.0 = Release|Any CPU
		{C0D059F3-BE2C-4805-A72B-814763414EB5}.Release|x86.ActiveCfg = Release|Any CPU
		{C0D059F3-BE2C-4805-A72B-814763414EB5}.Release|x86.Build.0 = Release|Any CPU
		{56A18CCF-6470-4687-AF57-95506D213E7A}.Debug|Any CPU.ActiveCfg = Debug|Any CPU
		{56A18CCF-6470-4687-AF57-95506D213E7A}.Debug|Any CPU.Build.0 = Debug|Any CPU
		{56A18CCF-6470-4687-AF57-95506D213E7A}.Debug|x86.ActiveCfg = Debug|Any CPU
		{56A18CCF-6470-4687-AF57-95506D213E7A}.Debug|x86.Build.0 = Debug|Any CPU
		{56A18CCF-6470-4687-AF57-95506D213E7A}.Release|Any CPU.ActiveCfg = Release|Any CPU
		{56A18CCF-6470-4687-AF57-95506D213E7A}.Release|Any CPU.Build.0 = Release|Any CPU
		{56A18CCF-6470-4687-AF57-95506D213E7A}.Release|x86.ActiveCfg = Release|Any CPU
		{56A18CCF-6470-4687-AF57-95506D213E7A}.Release|x86.Build.0 = Release|Any CPU
		{92583AE8-07C4-422A-863D-7D84CD49DA4D}.Debug|Any CPU.ActiveCfg = Debug|x86
		{92583AE8-07C4-422A-863D-7D84CD49DA4D}.Debug|x86.ActiveCfg = Debug|x86
		{92583AE8-07C4-422A-863D-7D84CD49DA4D}.Debug|x86.Build.0 = Debug|x86
		{92583AE8-07C4-422A-863D-7D84CD49DA4D}.Release|Any CPU.ActiveCfg = Debug|x86
		{92583AE8-07C4-422A-863D-7D84CD49DA4D}.Release|Any CPU.Build.0 = Debug|x86
		{92583AE8-07C4-422A-863D-7D84CD49DA4D}.Release|x86.ActiveCfg = Debug|x86
		{92583AE8-07C4-422A-863D-7D84CD49DA4D}.Release|x86.Build.0 = Debug|x86
		{63280F93-9DE0-4B60-81EA-7DC449766BEE}.Debug|Any CPU.ActiveCfg = Debug|Any CPU
		{63280F93-9DE0-4B60-81EA-7DC449766BEE}.Debug|Any CPU.Build.0 = Debug|Any CPU
		{63280F93-9DE0-4B60-81EA-7DC449766BEE}.Debug|x86.ActiveCfg = Debug|Any CPU
		{63280F93-9DE0-4B60-81EA-7DC449766BEE}.Debug|x86.Build.0 = Debug|Any CPU
		{63280F93-9DE0-4B60-81EA-7DC449766BEE}.Release|Any CPU.ActiveCfg = Release|Any CPU
		{63280F93-9DE0-4B60-81EA-7DC449766BEE}.Release|Any CPU.Build.0 = Release|Any CPU
		{63280F93-9DE0-4B60-81EA-7DC449766BEE}.Release|x86.ActiveCfg = Release|Any CPU
		{63280F93-9DE0-4B60-81EA-7DC449766BEE}.Release|x86.Build.0 = Release|Any CPU
		{5C8B6F34-870D-4FF0-9729-003D3614B477}.Debug|Any CPU.ActiveCfg = Debug|Any CPU
		{5C8B6F34-870D-4FF0-9729-003D3614B477}.Debug|Any CPU.Build.0 = Debug|Any CPU
		{5C8B6F34-870D-4FF0-9729-003D3614B477}.Debug|x86.ActiveCfg = Debug|Any CPU
		{5C8B6F34-870D-4FF0-9729-003D3614B477}.Debug|x86.Build.0 = Debug|Any CPU
		{5C8B6F34-870D-4FF0-9729-003D3614B477}.Release|Any CPU.ActiveCfg = Release|Any CPU
		{5C8B6F34-870D-4FF0-9729-003D3614B477}.Release|Any CPU.Build.0 = Release|Any CPU
		{5C8B6F34-870D-4FF0-9729-003D3614B477}.Release|x86.ActiveCfg = Release|Any CPU
		{5C8B6F34-870D-4FF0-9729-003D3614B477}.Release|x86.Build.0 = Release|Any CPU
		{A02F8C10-3F1E-45F2-9373-86494187657A}.Debug|Any CPU.ActiveCfg = Debug|Any CPU
		{A02F8C10-3F1E-45F2-9373-86494187657A}.Debug|Any CPU.Build.0 = Debug|Any CPU
		{A02F8C10-3F1E-45F2-9373-86494187657A}.Debug|x86.ActiveCfg = Debug|Any CPU
		{A02F8C10-3F1E-45F2-9373-86494187657A}.Debug|x86.Build.0 = Debug|Any CPU
		{A02F8C10-3F1E-45F2-9373-86494187657A}.Release|Any CPU.ActiveCfg = Release|Any CPU
		{A02F8C10-3F1E-45F2-9373-86494187657A}.Release|Any CPU.Build.0 = Release|Any CPU
		{A02F8C10-3F1E-45F2-9373-86494187657A}.Release|x86.ActiveCfg = Release|Any CPU
		{A02F8C10-3F1E-45F2-9373-86494187657A}.Release|x86.Build.0 = Release|Any CPU
		{BCFF4DBE-B8EA-4B27-B3A9-53BE30485D78}.Debug|Any CPU.ActiveCfg = Debug|Any CPU
		{BCFF4DBE-B8EA-4B27-B3A9-53BE30485D78}.Debug|Any CPU.Build.0 = Debug|Any CPU
		{BCFF4DBE-B8EA-4B27-B3A9-53BE30485D78}.Debug|x86.ActiveCfg = Debug|Any CPU
		{BCFF4DBE-B8EA-4B27-B3A9-53BE30485D78}.Debug|x86.Build.0 = Debug|Any CPU
		{BCFF4DBE-B8EA-4B27-B3A9-53BE30485D78}.Release|Any CPU.ActiveCfg = Release|Any CPU
		{BCFF4DBE-B8EA-4B27-B3A9-53BE30485D78}.Release|Any CPU.Build.0 = Release|Any CPU
		{BCFF4DBE-B8EA-4B27-B3A9-53BE30485D78}.Release|x86.ActiveCfg = Release|Any CPU
		{BCFF4DBE-B8EA-4B27-B3A9-53BE30485D78}.Release|x86.Build.0 = Release|Any CPU
		{E52B6218-72DA-4B90-B72C-3958381EA213}.Debug|Any CPU.ActiveCfg = Debug|Any CPU
		{E52B6218-72DA-4B90-B72C-3958381EA213}.Debug|Any CPU.Build.0 = Debug|Any CPU
		{E52B6218-72DA-4B90-B72C-3958381EA213}.Debug|x86.ActiveCfg = Debug|Any CPU
		{E52B6218-72DA-4B90-B72C-3958381EA213}.Debug|x86.Build.0 = Debug|Any CPU
		{E52B6218-72DA-4B90-B72C-3958381EA213}.Release|Any CPU.ActiveCfg = Release|Any CPU
		{E52B6218-72DA-4B90-B72C-3958381EA213}.Release|Any CPU.Build.0 = Release|Any CPU
		{E52B6218-72DA-4B90-B72C-3958381EA213}.Release|x86.ActiveCfg = Release|Any CPU
		{E52B6218-72DA-4B90-B72C-3958381EA213}.Release|x86.Build.0 = Release|Any CPU
		{11A271D9-CF82-4298-8BC1-850C70D36439}.Debug|Any CPU.ActiveCfg = Debug|Any CPU
		{11A271D9-CF82-4298-8BC1-850C70D36439}.Debug|Any CPU.Build.0 = Debug|Any CPU
		{11A271D9-CF82-4298-8BC1-850C70D36439}.Debug|x86.ActiveCfg = Debug|Any CPU
		{11A271D9-CF82-4298-8BC1-850C70D36439}.Debug|x86.Build.0 = Debug|Any CPU
		{11A271D9-CF82-4298-8BC1-850C70D36439}.Release|Any CPU.ActiveCfg = Release|Any CPU
		{11A271D9-CF82-4298-8BC1-850C70D36439}.Release|Any CPU.Build.0 = Release|Any CPU
		{11A271D9-CF82-4298-8BC1-850C70D36439}.Release|x86.ActiveCfg = Release|Any CPU
		{11A271D9-CF82-4298-8BC1-850C70D36439}.Release|x86.Build.0 = Release|Any CPU
		{F7EB01CA-2E6A-433C-B17B-5A8C343EF41F}.Debug|Any CPU.ActiveCfg = Debug|Any CPU
		{F7EB01CA-2E6A-433C-B17B-5A8C343EF41F}.Debug|Any CPU.Build.0 = Debug|Any CPU
		{F7EB01CA-2E6A-433C-B17B-5A8C343EF41F}.Debug|x86.ActiveCfg = Debug|Any CPU
		{F7EB01CA-2E6A-433C-B17B-5A8C343EF41F}.Debug|x86.Build.0 = Debug|Any CPU
		{F7EB01CA-2E6A-433C-B17B-5A8C343EF41F}.Release|Any CPU.ActiveCfg = Release|Any CPU
		{F7EB01CA-2E6A-433C-B17B-5A8C343EF41F}.Release|Any CPU.Build.0 = Release|Any CPU
		{F7EB01CA-2E6A-433C-B17B-5A8C343EF41F}.Release|x86.ActiveCfg = Release|Any CPU
		{F7EB01CA-2E6A-433C-B17B-5A8C343EF41F}.Release|x86.Build.0 = Release|Any CPU
		{90C69DBD-7649-4679-8BDF-351D55AC905C}.Debug|Any CPU.ActiveCfg = Debug|Any CPU
		{90C69DBD-7649-4679-8BDF-351D55AC905C}.Debug|Any CPU.Build.0 = Debug|Any CPU
		{90C69DBD-7649-4679-8BDF-351D55AC905C}.Debug|x86.ActiveCfg = Debug|Any CPU
		{90C69DBD-7649-4679-8BDF-351D55AC905C}.Debug|x86.Build.0 = Debug|Any CPU
		{90C69DBD-7649-4679-8BDF-351D55AC905C}.Release|Any CPU.ActiveCfg = Release|Any CPU
		{90C69DBD-7649-4679-8BDF-351D55AC905C}.Release|Any CPU.Build.0 = Release|Any CPU
		{90C69DBD-7649-4679-8BDF-351D55AC905C}.Release|x86.ActiveCfg = Release|Any CPU
		{90C69DBD-7649-4679-8BDF-351D55AC905C}.Release|x86.Build.0 = Release|Any CPU
		{13D091CD-A228-4C3C-9202-1F88CD19D661}.Debug|Any CPU.ActiveCfg = Debug|Any CPU
		{13D091CD-A228-4C3C-9202-1F88CD19D661}.Debug|Any CPU.Build.0 = Debug|Any CPU
		{13D091CD-A228-4C3C-9202-1F88CD19D661}.Debug|x86.ActiveCfg = Debug|Any CPU
		{13D091CD-A228-4C3C-9202-1F88CD19D661}.Debug|x86.Build.0 = Debug|Any CPU
		{13D091CD-A228-4C3C-9202-1F88CD19D661}.Release|Any CPU.ActiveCfg = Release|Any CPU
		{13D091CD-A228-4C3C-9202-1F88CD19D661}.Release|Any CPU.Build.0 = Release|Any CPU
		{13D091CD-A228-4C3C-9202-1F88CD19D661}.Release|x86.ActiveCfg = Release|Any CPU
		{13D091CD-A228-4C3C-9202-1F88CD19D661}.Release|x86.Build.0 = Release|Any CPU
		{596FF94E-35C2-4232-80A8-384CD02454BC}.Debug|Any CPU.ActiveCfg = Debug|Any CPU
		{596FF94E-35C2-4232-80A8-384CD02454BC}.Debug|Any CPU.Build.0 = Debug|Any CPU
		{596FF94E-35C2-4232-80A8-384CD02454BC}.Debug|x86.ActiveCfg = Debug|Any CPU
		{596FF94E-35C2-4232-80A8-384CD02454BC}.Debug|x86.Build.0 = Debug|Any CPU
		{596FF94E-35C2-4232-80A8-384CD02454BC}.Release|Any CPU.ActiveCfg = Release|Any CPU
		{596FF94E-35C2-4232-80A8-384CD02454BC}.Release|Any CPU.Build.0 = Release|Any CPU
		{596FF94E-35C2-4232-80A8-384CD02454BC}.Release|x86.ActiveCfg = Release|Any CPU
		{596FF94E-35C2-4232-80A8-384CD02454BC}.Release|x86.Build.0 = Release|Any CPU
		{11EB8500-0298-44B8-87F2-A322B254D74C}.Debug|Any CPU.ActiveCfg = Debug|Any CPU
		{11EB8500-0298-44B8-87F2-A322B254D74C}.Debug|Any CPU.Build.0 = Debug|Any CPU
		{11EB8500-0298-44B8-87F2-A322B254D74C}.Debug|x86.ActiveCfg = Debug|Any CPU
		{11EB8500-0298-44B8-87F2-A322B254D74C}.Debug|x86.Build.0 = Debug|Any CPU
		{11EB8500-0298-44B8-87F2-A322B254D74C}.Release|Any CPU.ActiveCfg = Release|Any CPU
		{11EB8500-0298-44B8-87F2-A322B254D74C}.Release|Any CPU.Build.0 = Release|Any CPU
		{11EB8500-0298-44B8-87F2-A322B254D74C}.Release|x86.ActiveCfg = Release|Any CPU
		{11EB8500-0298-44B8-87F2-A322B254D74C}.Release|x86.Build.0 = Release|Any CPU
		{8F727C8C-C78F-4E56-A885-6CCEFB0B017D}.Debug|Any CPU.ActiveCfg = Debug|Any CPU
		{8F727C8C-C78F-4E56-A885-6CCEFB0B017D}.Debug|Any CPU.Build.0 = Debug|Any CPU
		{8F727C8C-C78F-4E56-A885-6CCEFB0B017D}.Debug|x86.ActiveCfg = Debug|Any CPU
		{8F727C8C-C78F-4E56-A885-6CCEFB0B017D}.Debug|x86.Build.0 = Debug|Any CPU
		{8F727C8C-C78F-4E56-A885-6CCEFB0B017D}.Release|Any CPU.ActiveCfg = Release|Any CPU
		{8F727C8C-C78F-4E56-A885-6CCEFB0B017D}.Release|Any CPU.Build.0 = Release|Any CPU
		{8F727C8C-C78F-4E56-A885-6CCEFB0B017D}.Release|x86.ActiveCfg = Release|Any CPU
		{8F727C8C-C78F-4E56-A885-6CCEFB0B017D}.Release|x86.Build.0 = Release|Any CPU
		{A21850D2-1CC4-4438-9C90-F2907A98AB11}.Debug|Any CPU.ActiveCfg = Debug|Any CPU
		{A21850D2-1CC4-4438-9C90-F2907A98AB11}.Debug|Any CPU.Build.0 = Debug|Any CPU
		{A21850D2-1CC4-4438-9C90-F2907A98AB11}.Debug|x86.ActiveCfg = Debug|Any CPU
		{A21850D2-1CC4-4438-9C90-F2907A98AB11}.Debug|x86.Build.0 = Debug|Any CPU
		{A21850D2-1CC4-4438-9C90-F2907A98AB11}.Release|Any CPU.ActiveCfg = Release|Any CPU
		{A21850D2-1CC4-4438-9C90-F2907A98AB11}.Release|Any CPU.Build.0 = Release|Any CPU
		{A21850D2-1CC4-4438-9C90-F2907A98AB11}.Release|x86.ActiveCfg = Release|Any CPU
		{A21850D2-1CC4-4438-9C90-F2907A98AB11}.Release|x86.Build.0 = Release|Any CPU
		{5CF1B06D-0C81-4F99-8747-06A5BFD59EA0}.Debug|Any CPU.ActiveCfg = Debug|Any CPU
		{5CF1B06D-0C81-4F99-8747-06A5BFD59EA0}.Debug|Any CPU.Build.0 = Debug|Any CPU
		{5CF1B06D-0C81-4F99-8747-06A5BFD59EA0}.Debug|x86.ActiveCfg = Debug|Any CPU
		{5CF1B06D-0C81-4F99-8747-06A5BFD59EA0}.Debug|x86.Build.0 = Debug|Any CPU
		{5CF1B06D-0C81-4F99-8747-06A5BFD59EA0}.Release|Any CPU.ActiveCfg = Release|Any CPU
		{5CF1B06D-0C81-4F99-8747-06A5BFD59EA0}.Release|Any CPU.Build.0 = Release|Any CPU
		{5CF1B06D-0C81-4F99-8747-06A5BFD59EA0}.Release|x86.ActiveCfg = Release|Any CPU
		{5CF1B06D-0C81-4F99-8747-06A5BFD59EA0}.Release|x86.Build.0 = Release|Any CPU
	EndGlobalSection
	GlobalSection(SolutionProperties) = preSolution
		HideSolutionNode = FALSE
	EndGlobalSection
	GlobalSection(NestedProjects) = preSolution
		{5CF1B06D-0C81-4F99-8747-06A5BFD59EA0} = {9DABD69E-010C-419B-B91D-39287D6656CC}
	EndGlobalSection
EndGlobal
